
Microsoft Visual Studio Solution File, Format Version 12.00
# Visual Studio 2012
Project("{FAE04EC0-301F-11D3-BF4B-00C04F79EFBC}") = "L2Q1", "L2Q1\L2Q1.csproj", "{993C837C-1BC1-4F35-B17D-7F9078A19BE3}"
EndProject
Global
	GlobalSection(SolutionConfigurationPlatforms) = preSolution
		Debug|Any CPU = Debug|Any CPU
		Release|Any CPU = Release|Any CPU
	EndGlobalSection
	GlobalSection(ProjectConfigurationPlatforms) = postSolution
		{993C837C-1BC1-4F35-B17D-7F9078A19BE3}.Debug|Any CPU.ActiveCfg = Debug|Any CPU
		{993C837C-1BC1-4F35-B17D-7F9078A19BE3}.Debug|Any CPU.Build.0 = Debug|Any CPU
		{993C837C-1BC1-4F35-B17D-7F9078A19BE3}.Release|Any CPU.ActiveCfg = Release|Any CPU
		{993C837C-1BC1-4F35-B17D-7F9078A19BE3}.Release|Any CPU.Build.0 = Release|Any CPU
	EndGlobalSection
	GlobalSection(SolutionProperties) = preSolution
		HideSolutionNode = FALSE
	EndGlobalSection
EndGlobal
